Microsoft Visual Studio Solution File, Format Version 12.00
# Visual Studio Version 17
VisualStudioVersion = 17.0.31903.59
MinimumVisualStudioVersion = 10.0.40219.1
Project("{FAE04EC0-301F-11D3-BF4B-00C04F79EFBC}") = "APO-002", "src/APO-002/APO-002.csproj", "{7A1A4F5A-2A0C-45B4-91A3-6EF9529FD3D1}"
EndProject
Project("{FAE04EC0-301F-11D3-BF4B-00C04F79EFBC}") = "APO-002.Tests", "tests/APO-002.Tests/APO-002.Tests.csproj", "{F13F558E-3E3C-4CD5-A72B-2A2C79B73CC8}"
EndProject
Global
    GlobalSection(SolutionConfigurationPlatforms) = preSolution
        Debug|Any CPU = Debug|Any CPU
        Release|Any CPU = Release|Any CPU
    EndGlobalSection
    GlobalSection(ProjectConfigurationPlatforms) = postSolution
        {7A1A4F5A-2A0C-45B4-91A3-6EF9529FD3D1}.Debug|Any CPU.ActiveCfg = Debug|Any CPU
        {7A1A4F5A-2A0C-45B4-91A3-6EF9529FD3D1}.Debug|Any CPU.Build.0 = Debug|Any CPU
        {7A1A4F5A-2A0C-45B4-91A3-6EF9529FD3D1}.Release|Any CPU.ActiveCfg = Release|Any CPU
        {7A1A4F5A-2A0C-45B4-91A3-6EF9529FD3D1}.Release|Any CPU.Build.0 = Release|Any CPU
        {F13F558E-3E3C-4CD5-A72B-2A2C79B73CC8}.Debug|Any CPU.ActiveCfg = Debug|Any CPU
        {F13F558E-3E3C-4CD5-A72B-2A2C79B73CC8}.Debug|Any CPU.Build.0 = Debug|Any CPU
        {F13F558E-3E3C-4CD5-A72B-2A2C79B73CC8}.Release|Any CPU.ActiveCfg = Release|Any CPU
        {F13F558E-3E3C-4CD5-A72B-2A2C79B73CC8}.Release|Any CPU.Build.0 = Release|Any CPU
    EndGlobalSection
EndGlobal
